// !$*UTF8*$!
{
	archiveVersion = 1;
	classes = {
	};
	objectVersion = 50;
	objects = {

/* Begin PBXBuildFile section */
		5094E228225D8E91002718DD /* AppDelegate.m in Sources */ = {isa = PBXBuildFile; fileRef = 5094E227225D8E91002718DD /* AppDelegate.m */; };
		5094E22B225D8E91002718DD /* ViewController.m in Sources */ = {isa = PBXBuildFile; fileRef = 5094E22A225D8E91002718DD /* ViewController.m */; };
		5094E22E225D8E91002718DD /* Main.storyboard in Resources */ = {isa = PBXBuildFile; fileRef = 5094E22C225D8E91002718DD /* Main.storyboard */; };
		5094E230225D8E91002718DD /* Assets.xcassets in Resources */ = {isa = PBXBuildFile; fileRef = 5094E22F225D8E91002718DD /* Assets.xcassets */; };
		5094E233225D8E91002718DD /* LaunchScreen.storyboard in Resources */ = {isa = PBXBuildFile; fileRef = 5094E231225D8E91002718DD /* LaunchScreen.storyboard */; };
		5094E236225D8E91002718DD /* main.m in Sources */ = {isa = PBXBuildFile; fileRef = 5094E235225D8E91002718DD /* main.m */; };
		5094E240225D8E91002718DD /* HDThemeExampleTests.m in Sources */ = {isa = PBXBuildFile; fileRef = 5094E23F225D8E91002718DD /* HDThemeExampleTests.m */; };
		5094E24B225D8E91002718DD /* HDThemeExampleUITests.m in Sources */ = {isa = PBXBuildFile; fileRef = 5094E24A225D8E91002718DD /* HDThemeExampleUITests.m */; };
		5094E25C225D9134002718DD /* HDViewControllerStore.m in Sources */ = {isa = PBXBuildFile; fileRef = 5094E25B225D9134002718DD /* HDViewControllerStore.m */; };
		5094E262225D94BD002718DD /* UIViewController+HDTheme.m in Sources */ = {isa = PBXBuildFile; fileRef = 5094E261225D94BD002718DD /* UIViewController+HDTheme.m */; };
		5094E265225D9E77002718DD /* HDThemeManager.m in Sources */ = {isa = PBXBuildFile; fileRef = 5094E264225D9E77002718DD /* HDThemeManager.m */; };
		5094E267225DC00C002718DD /* theme1.plist in Resources */ = {isa = PBXBuildFile; fileRef = 5094E266225DC00C002718DD /* theme1.plist */; };
		5094E26A225DC30B002718DD /* HDThemeModel.m in Sources */ = {isa = PBXBuildFile; fileRef = 5094E269225DC30B002718DD /* HDThemeModel.m */; };
		5094E26D225DC3B5002718DD /* HDThemeItem.m in Sources */ = {isa = PBXBuildFile; fileRef = 5094E26C225DC3B5002718DD /* HDThemeItem.m */; };
		50FC0F12225F1704001EF654 /* UIView+HDTheme.m in Sources */ = {isa = PBXBuildFile; fileRef = 50FC0F11225F1704001EF654 /* UIView+HDTheme.m */; };
		50FC0F15225F39D7001EF654 /* NSObject+Swizzle.m in Sources */ = {isa = PBXBuildFile; fileRef = 50FC0F14225F39D7001EF654 /* NSObject+Swizzle.m */; };
		50FC0F1D225F4D0B001EF654 /* HDLabelThemeProcessor.m in Sources */ = {isa = PBXBuildFile; fileRef = 50FC0F1C225F4D0B001EF654 /* HDLabelThemeProcessor.m */; };
		50FC0F2022602EDD001EF654 /* UIColor+Extension.m in Sources */ = {isa = PBXBuildFile; fileRef = 50FC0F1F22602EDD001EF654 /* UIColor+Extension.m */; };
		50FC0F23226033B8001EF654 /* UILabel+HDTheme.m in Sources */ = {isa = PBXBuildFile; fileRef = 50FC0F22226033B8001EF654 /* UILabel+HDTheme.m */; };
/* End PBXBuildFile section */

/* Begin PBXContainerItemProxy section */
		5094E23C225D8E91002718DD /* PBXContainerItemProxy */ = {
			isa = PBXContainerItemProxy;
			containerPortal = 5094E21B225D8E91002718DD /* Project object */;
			proxyType = 1;
			remoteGlobalIDString = 5094E222225D8E91002718DD;
			remoteInfo = HDThemeExample;
		};
		5094E247225D8E91002718DD /* PBXContainerItemProxy */ = {
			isa = PBXContainerItemProxy;
			containerPortal = 5094E21B225D8E91002718DD /* Project object */;
			proxyType = 1;
			remoteGlobalIDString = 5094E222225D8E91002718DD;
			remoteInfo = HDThemeExample;
		};
/* End PBXContainerItemProxy section */

/* Begin PBXFileReference section */
		5094E223225D8E91002718DD /* HDThemeExample.app */ = {isa = PBXFileReference; explicitFileType = wrapper.application; includeInIndex = 0; path = HDThemeExample.app; sourceTree = BUILT_PRODUCTS_DIR; };
		5094E226225D8E91002718DD /* AppDelegate.h */ = {isa = PBXFileReference; lastKnownFileType = sourcecode.c.h; path = AppDelegate.h; sourceTree = "<group>"; };
		5094E227225D8E91002718DD /* AppDelegate.m */ = {isa = PBXFileReference; lastKnownFileType = sourcecode.c.objc; path = AppDelegate.m; sourceTree = "<group>"; };
		5094E229225D8E91002718DD /* ViewController.h */ = {isa = PBXFileReference; lastKnownFileType = sourcecode.c.h; path = ViewController.h; sourceTree = "<group>"; };
		5094E22A225D8E91002718DD /* ViewController.m */ = {isa = PBXFileReference; lastKnownFileType = sourcecode.c.objc; path = ViewController.m; sourceTree = "<group>"; };
		5094E22D225D8E91002718DD /* Base */ = {isa = PBXFileReference; lastKnownFileType = file.storyboard; name = Base; path = Base.lproj/Main.storyboard; sourceTree = "<group>"; };
		5094E22F225D8E91002718DD /* Assets.xcassets */ = {isa = PBXFileReference; lastKnownFileType = folder.assetcatalog; path = Assets.xcassets; sourceTree = "<group>"; };
		5094E232225D8E91002718DD /* Base */ = {isa = PBXFileReference; lastKnownFileType = file.storyboard; name = Base; path = Base.lproj/LaunchScreen.storyboard; sourceTree = "<group>"; };
		5094E234225D8E91002718DD /* Info.plist */ = {isa = PBXFileReference; lastKnownFileType = text.plist.xml; path = Info.plist; sourceTree = "<group>"; };
		5094E235225D8E91002718DD /* main.m */ = {isa = PBXFileReference; lastKnownFileType = sourcecode.c.objc; path = main.m; sourceTree = "<group>"; };
		5094E23B225D8E91002718DD /* HDThemeExampleTests.xctest */ = {isa = PBXFileReference; explicitFileType = wrapper.cfbundle; includeInIndex = 0; path = HDThemeExampleTests.xctest; sourceTree = BUILT_PRODUCTS_DIR; };
		5094E23F225D8E91002718DD /* HDThemeExampleTests.m */ = {isa = PBXFileReference; lastKnownFileType = sourcecode.c.objc; path = HDThemeExampleTests.m; sourceTree = "<group>"; };
		5094E241225D8E91002718DD /* Info.plist */ = {isa = PBXFileReference; lastKnownFileType = text.plist.xml; path = Info.plist; sourceTree = "<group>"; };
		5094E246225D8E91002718DD /* HDThemeExampleUITests.xctest */ = {isa = PBXFileReference; explicitFileType = wrapper.cfbundle; includeInIndex = 0; path = HDThemeExampleUITests.xctest; sourceTree = BUILT_PRODUCTS_DIR; };
		5094E24A225D8E91002718DD /* HDThemeExampleUITests.m */ = {isa = PBXFileReference; lastKnownFileType = sourcecode.c.objc; path = HDThemeExampleUITests.m; sourceTree = "<group>"; };
		5094E24C225D8E91002718DD /* Info.plist */ = {isa = PBXFileReference; lastKnownFileType = text.plist.xml; path = Info.plist; sourceTree = "<group>"; };
		5094E25A225D9134002718DD /* HDViewControllerStore.h */ = {isa = PBXFileReference; lastKnownFileType = sourcecode.c.h; path = HDViewControllerStore.h; sourceTree = "<group>"; };
		5094E25B225D9134002718DD /* HDViewControllerStore.m */ = {isa = PBXFileReference; lastKnownFileType = sourcecode.c.objc; path = HDViewControllerStore.m; sourceTree = "<group>"; };
		5094E260225D94BD002718DD /* UIViewController+HDTheme.h */ = {isa = PBXFileReference; lastKnownFileType = sourcecode.c.h; path = "UIViewController+HDTheme.h"; sourceTree = "<group>"; };
		5094E261225D94BD002718DD /* UIViewController+HDTheme.m */ = {isa = PBXFileReference; lastKnownFileType = sourcecode.c.objc; path = "UIViewController+HDTheme.m"; sourceTree = "<group>"; };
		5094E263225D9E77002718DD /* HDThemeManager.h */ = {isa = PBXFileReference; lastKnownFileType = sourcecode.c.h; path = HDThemeManager.h; sourceTree = "<group>"; };
		5094E264225D9E77002718DD /* HDThemeManager.m */ = {isa = PBXFileReference; lastKnownFileType = sourcecode.c.objc; path = HDThemeManager.m; sourceTree = "<group>"; };
		5094E266225DC00C002718DD /* theme1.plist */ = {isa = PBXFileReference; lastKnownFileType = text.plist.xml; path = theme1.plist; sourceTree = "<group>"; };
		5094E268225DC30B002718DD /* HDThemeModel.h */ = {isa = PBXFileReference; lastKnownFileType = sourcecode.c.h; path = HDThemeModel.h; sourceTree = "<group>"; };
		5094E269225DC30B002718DD /* HDThemeModel.m */ = {isa = PBXFileReference; lastKnownFileType = sourcecode.c.objc; path = HDThemeModel.m; sourceTree = "<group>"; };
		5094E26B225DC3B5002718DD /* HDThemeItem.h */ = {isa = PBXFileReference; lastKnownFileType = sourcecode.c.h; path = HDThemeItem.h; sourceTree = "<group>"; };
		5094E26C225DC3B5002718DD /* HDThemeItem.m */ = {isa = PBXFileReference; lastKnownFileType = sourcecode.c.objc; path = HDThemeItem.m; sourceTree = "<group>"; };
		50FC0F10225F1704001EF654 /* UIView+HDTheme.h */ = {isa = PBXFileReference; lastKnownFileType = sourcecode.c.h; path = "UIView+HDTheme.h"; sourceTree = "<group>"; };
		50FC0F11225F1704001EF654 /* UIView+HDTheme.m */ = {isa = PBXFileReference; lastKnownFileType = sourcecode.c.objc; path = "UIView+HDTheme.m"; sourceTree = "<group>"; };
		50FC0F13225F39D7001EF654 /* NSObject+Swizzle.h */ = {isa = PBXFileReference; lastKnownFileType = sourcecode.c.h; path = "NSObject+Swizzle.h"; sourceTree = "<group>"; };
		50FC0F14225F39D7001EF654 /* NSObject+Swizzle.m */ = {isa = PBXFileReference; lastKnownFileType = sourcecode.c.objc; path = "NSObject+Swizzle.m"; sourceTree = "<group>"; };
		50FC0F1A225F43E8001EF654 /* HDViewThemeProcessor.h */ = {isa = PBXFileReference; lastKnownFileType = sourcecode.c.h; path = HDViewThemeProcessor.h; sourceTree = "<group>"; };
		50FC0F1B225F4D0B001EF654 /* HDLabelThemeProcessor.h */ = {isa = PBXFileReference; lastKnownFileType = sourcecode.c.h; path = HDLabelThemeProcessor.h; sourceTree = "<group>"; };
		50FC0F1C225F4D0B001EF654 /* HDLabelThemeProcessor.m */ = {isa = PBXFileReference; lastKnownFileType = sourcecode.c.objc; path = HDLabelThemeProcessor.m; sourceTree = "<group>"; };
		50FC0F1E22602EDD001EF654 /* UIColor+Extension.h */ = {isa = PBXFileReference; lastKnownFileType = sourcecode.c.h; path = "UIColor+Extension.h"; sourceTree = "<group>"; };
		50FC0F1F22602EDD001EF654 /* UIColor+Extension.m */ = {isa = PBXFileReference; lastKnownFileType = sourcecode.c.objc; path = "UIColor+Extension.m"; sourceTree = "<group>"; };
		50FC0F21226033B8001EF654 /* UILabel+HDTheme.h */ = {isa = PBXFileReference; lastKnownFileType = sourcecode.c.h; path = "UILabel+HDTheme.h"; sourceTree = "<group>"; };
		50FC0F22226033B8001EF654 /* UILabel+HDTheme.m */ = {isa = PBXFileReference; lastKnownFileType = sourcecode.c.objc; path = "UILabel+HDTheme.m"; sourceTree = "<group>"; };
/* End PBXFileReference section */

/* Begin PBXFrameworksBuildPhase section */
		5094E220225D8E91002718DD /* Frameworks */ = {
			isa = PBXFrameworksBuildPhase;
			buildActionMask = 2147483647;
			files = (
			);
			runOnlyForDeploymentPostprocessing = 0;
		};
		5094E238225D8E91002718DD /* Frameworks */ = {
			isa = PBXFrameworksBuildPhase;
			buildActionMask = 2147483647;
			files = (
			);
			runOnlyForDeploymentPostprocessing = 0;
		};
		5094E243225D8E91002718DD /* Frameworks */ = {
			isa = PBXFrameworksBuildPhase;
			buildActionMask = 2147483647;
			files = (
			);
			runOnlyForDeploymentPostprocessing = 0;
		};
/* End PBXFrameworksBuildPhase section */

/* Begin PBXGroup section */
		5094E21A225D8E91002718DD = {
			isa = PBXGroup;
			children = (
				5094E225225D8E91002718DD /* HDThemeExample */,
				5094E23E225D8E91002718DD /* HDThemeExampleTests */,
				5094E249225D8E91002718DD /* HDThemeExampleUITests */,
				5094E224225D8E91002718DD /* Products */,
			);
			sourceTree = "<group>";
		};
		5094E224225D8E91002718DD /* Products */ = {
			isa = PBXGroup;
			children = (
				5094E223225D8E91002718DD /* HDThemeExample.app */,
				5094E23B225D8E91002718DD /* HDThemeExampleTests.xctest */,
				5094E246225D8E91002718DD /* HDThemeExampleUITests.xctest */,
			);
			name = Products;
			sourceTree = "<group>";
		};
		5094E225225D8E91002718DD /* HDThemeExample */ = {
			isa = PBXGroup;
			children = (
				5094E258225D8F57002718DD /* HDTheme */,
				5094E226225D8E91002718DD /* AppDelegate.h */,
				5094E227225D8E91002718DD /* AppDelegate.m */,
				5094E229225D8E91002718DD /* ViewController.h */,
				5094E22A225D8E91002718DD /* ViewController.m */,
				5094E266225DC00C002718DD /* theme1.plist */,
				5094E22C225D8E91002718DD /* Main.storyboard */,
				5094E22F225D8E91002718DD /* Assets.xcassets */,
				5094E231225D8E91002718DD /* LaunchScreen.storyboard */,
				5094E234225D8E91002718DD /* Info.plist */,
				5094E235225D8E91002718DD /* main.m */,
			);
			path = HDThemeExample;
			sourceTree = "<group>";
		};
		5094E23E225D8E91002718DD /* HDThemeExampleTests */ = {
			isa = PBXGroup;
			children = (
				5094E23F225D8E91002718DD /* HDThemeExampleTests.m */,
				5094E241225D8E91002718DD /* Info.plist */,
			);
			path = HDThemeExampleTests;
			sourceTree = "<group>";
		};
		5094E249225D8E91002718DD /* HDThemeExampleUITests */ = {
			isa = PBXGroup;
			children = (
				5094E24A225D8E91002718DD /* HDThemeExampleUITests.m */,
				5094E24C225D8E91002718DD /* Info.plist */,
			);
			path = HDThemeExampleUITests;
			sourceTree = "<group>";
		};
		5094E258225D8F57002718DD /* HDTheme */ = {
			isa = PBXGroup;
			children = (
				50FC0F19225F436C001EF654 /* ViewProcessor */,
				50FC0F18225F3B9E001EF654 /* Category */,
				5094E259225D9102002718DD /* Manager */,
				5094E268225DC30B002718DD /* HDThemeModel.h */,
				5094E269225DC30B002718DD /* HDThemeModel.m */,
				5094E26B225DC3B5002718DD /* HDThemeItem.h */,
				5094E26C225DC3B5002718DD /* HDThemeItem.m */,
			);
			path = HDTheme;
			sourceTree = "<group>";
		};
		5094E259225D9102002718DD /* Manager */ = {
			isa = PBXGroup;
			children = (
				5094E25A225D9134002718DD /* HDViewControllerStore.h */,
				5094E25B225D9134002718DD /* HDViewControllerStore.m */,
				5094E263225D9E77002718DD /* HDThemeManager.h */,
				5094E264225D9E77002718DD /* HDThemeManager.m */,
			);
			path = Manager;
			sourceTree = "<group>";
		};
		50FC0F18225F3B9E001EF654 /* Category */ = {
			isa = PBXGroup;
			children = (
				5094E260225D94BD002718DD /* UIViewController+HDTheme.h */,
				5094E261225D94BD002718DD /* UIViewController+HDTheme.m */,
				50FC0F10225F1704001EF654 /* UIView+HDTheme.h */,
				50FC0F11225F1704001EF654 /* UIView+HDTheme.m */,
				50FC0F13225F39D7001EF654 /* NSObject+Swizzle.h */,
				50FC0F14225F39D7001EF654 /* NSObject+Swizzle.m */,
				50FC0F1E22602EDD001EF654 /* UIColor+Extension.h */,
				50FC0F1F22602EDD001EF654 /* UIColor+Extension.m */,
				50FC0F21226033B8001EF654 /* UILabel+HDTheme.h */,
				50FC0F22226033B8001EF654 /* UILabel+HDTheme.m */,
			);
			path = Category;
			sourceTree = "<group>";
		};
		50FC0F19225F436C001EF654 /* ViewProcessor */ = {
			isa = PBXGroup;
			children = (
				50FC0F1A225F43E8001EF654 /* HDViewThemeProcessor.h */,
				50FC0F1B225F4D0B001EF654 /* HDLabelThemeProcessor.h */,
				50FC0F1C225F4D0B001EF654 /* HDLabelThemeProcessor.m */,
			);
			path = ViewProcessor;
			sourceTree = "<group>";
		};
/* End PBXGroup section */

/* Begin PBXNativeTarget section */
		5094E222225D8E91002718DD /* HDThemeExample */ = {
			isa = PBXNativeTarget;
			buildConfigurationList = 5094E24F225D8E91002718DD /* Build configuration list for PBXNativeTarget "HDThemeExample" */;
			buildPhases = (
				5094E21F225D8E91002718DD /* Sources */,
				5094E220225D8E91002718DD /* Frameworks */,
				5094E221225D8E91002718DD /* Resources */,
			);
			buildRules = (
			);
			dependencies = (
			);
			name = HDThemeExample;
			productName = HDThemeExample;
			productReference = 5094E223225D8E91002718DD /* HDThemeExample.app */;
			productType = "com.apple.product-type.application";
		};
		5094E23A225D8E91002718DD /* HDThemeExampleTests */ = {
			isa = PBXNativeTarget;
			buildConfigurationList = 5094E252225D8E91002718DD /* Build configuration list for PBXNativeTarget "HDThemeExampleTests" */;
			buildPhases = (
				5094E237225D8E91002718DD /* Sources */,
				5094E238225D8E91002718DD /* Frameworks */,
				5094E239225D8E91002718DD /* Resources */,
			);
			buildRules = (
			);
			dependencies = (
				5094E23D225D8E91002718DD /* PBXTargetDependency */,
			);
			name = HDThemeExampleTests;
			productName = HDThemeExampleTests;
			productReference = 5094E23B225D8E91002718DD /* HDThemeExampleTests.xctest */;
			productType = "com.apple.product-type.bundle.unit-test";
		};
		5094E245225D8E91002718DD /* HDThemeExampleUITests */ = {
			isa = PBXNativeTarget;
			buildConfigurationList = 5094E255225D8E91002718DD /* Build configuration list for PBXNativeTarget "HDThemeExampleUITests" */;
			buildPhases = (
				5094E242225D8E91002718DD /* Sources */,
				5094E243225D8E91002718DD /* Frameworks */,
				5094E244225D8E91002718DD /* Resources */,
			);
			buildRules = (
			);
			dependencies = (
				5094E248225D8E91002718DD /* PBXTargetDependency */,
			);
			name = HDThemeExampleUITests;
			productName = HDThemeExampleUITests;
			productReference = 5094E246225D8E91002718DD /* HDThemeExampleUITests.xctest */;
			productType = "com.apple.product-type.bundle.ui-testing";
		};
/* End PBXNativeTarget section */

/* Begin PBXProject section */
		5094E21B225D8E91002718DD /* Project object */ = {
			isa = PBXProject;
			attributes = {
				LastUpgradeCheck = 1010;
				ORGANIZATIONNAME = Don;
				TargetAttributes = {
					5094E222225D8E91002718DD = {
						CreatedOnToolsVersion = 10.1;
					};
					5094E23A225D8E91002718DD = {
						CreatedOnToolsVersion = 10.1;
						TestTargetID = 5094E222225D8E91002718DD;
					};
					5094E245225D8E91002718DD = {
						CreatedOnToolsVersion = 10.1;
						TestTargetID = 5094E222225D8E91002718DD;
					};
				};
			};
			buildConfigurationList = 5094E21E225D8E91002718DD /* Build configuration list for PBXProject "HDThemeExample" */;
			compatibilityVersion = "Xcode 9.3";
			developmentRegion = en;
			hasScannedForEncodings = 0;
			knownRegions = (
				en,
				Base,
			);
			mainGroup = 5094E21A225D8E91002718DD;
			productRefGroup = 5094E224225D8E91002718DD /* Products */;
			projectDirPath = "";
			projectRoot = "";
			targets = (
				5094E222225D8E91002718DD /* HDThemeExample */,
				5094E23A225D8E91002718DD /* HDThemeExampleTests */,
				5094E245225D8E91002718DD /* HDThemeExampleUITests */,
			);
		};
/* End PBXProject section */

/* Begin PBXResourcesBuildPhase section */
		5094E221225D8E91002718DD /* Resources */ = {
			isa = PBXResourcesBuildPhase;
			buildActionMask = 2147483647;
			files = (
				5094E233225D8E91002718DD /* LaunchScreen.storyboard in Resources */,
				5094E230225D8E91002718DD /* Assets.xcassets in Resources */,
				5094E267225DC00C002718DD /* theme1.plist in Resources */,
				5094E22E225D8E91002718DD /* Main.storyboard in Resources */,
			);
			runOnlyForDeploymentPostprocessing = 0;
		};
		5094E239225D8E91002718DD /* Resources */ = {
			isa = PBXResourcesBuildPhase;
			buildActionMask = 2147483647;
			files = (
			);
			runOnlyForDeploymentPostprocessing = 0;
		};
		5094E244225D8E91002718DD /* Resources */ = {
			isa = PBXResourcesBuildPhase;
			buildActionMask = 2147483647;
			files = (
			);
			runOnlyForDeploymentPostprocessing = 0;
		};
/* End PBXResourcesBuildPhase section */

/* Begin PBXSourcesBuildPhase section */
		5094E21F225D8E91002718DD /* Sources */ = {
			isa = PBXSourcesBuildPhase;
			buildActionMask = 2147483647;
			files = (
				50FC0F1D225F4D0B001EF654 /* HDLabelThemeProcessor.m in Sources */,
				50FC0F12225F1704001EF654 /* UIView+HDTheme.m in Sources */,
				5094E22B225D8E91002718DD /* ViewController.m in Sources */,
				5094E236225D8E91002718DD /* main.m in Sources */,
				5094E25C225D9134002718DD /* HDViewControllerStore.m in Sources */,
				50FC0F15225F39D7001EF654 /* NSObject+Swizzle.m in Sources */,
				5094E228225D8E91002718DD /* AppDelegate.m in Sources */,
				50FC0F23226033B8001EF654 /* UILabel+HDTheme.m in Sources */,
				50FC0F2022602EDD001EF654 /* UIColor+Extension.m in Sources */,
				5094E262225D94BD002718DD /* UIViewController+HDTheme.m in Sources */,
				5094E26A225DC30B002718DD /* HDThemeModel.m in Sources */,
				5094E26D225DC3B5002718DD /* HDThemeItem.m in Sources */,
				5094E265225D9E77002718DD /* HDThemeManager.m in Sources */,
			);
			runOnlyForDeploymentPostprocessing = 0;
		};
		5094E237225D8E91002718DD /* Sources */ = {
			isa = PBXSourcesBuildPhase;
			buildActionMask = 2147483647;
			files = (
				5094E240225D8E91002718DD /* HDThemeExampleTests.m in Sources */,
			);
			runOnlyForDeploymentPostprocessing = 0;
		};
		5094E242225D8E91002718DD /* Sources */ = {
			isa = PBXSourcesBuildPhase;
			buildActionMask = 2147483647;
			files = (
				5094E24B225D8E91002718DD /* HDThemeExampleUITests.m in Sources */,
			);
			runOnlyForDeploymentPostprocessing = 0;
		};
/* End PBXSourcesBuildPhase section */

/* Begin PBXTargetDependency section */
		5094E23D225D8E91002718DD /* PBXTargetDependency */ = {
			isa = PBXTargetDependency;
			target = 5094E222225D8E91002718DD /* HDThemeExample */;
			targetProxy = 5094E23C225D8E91002718DD /* PBXContainerItemProxy */;
		};
		5094E248225D8E91002718DD /* PBXTargetDependency */ = {
			isa = PBXTargetDependency;
			target = 5094E222225D8E91002718DD /* HDThemeExample */;
			targetProxy = 5094E247225D8E91002718DD /* PBXContainerItemProxy */;
		};
/* End PBXTargetDependency section */

/* Begin PBXVariantGroup section */
		5094E22C225D8E91002718DD /* Main.storyboard */ = {
			isa = PBXVariantGroup;
			children = (
				5094E22D225D8E91002718DD /* Base */,
			);
			name = Main.storyboard;
			sourceTree = "<group>";
		};
		5094E231225D8E91002718DD /* LaunchScreen.storyboard */ = {
			isa = PBXVariantGroup;
			children = (
				5094E232225D8E91002718DD /* Base */,
			);
			name = LaunchScreen.storyboard;
			sourceTree = "<group>";
		};
/* End PBXVariantGroup section */

/* Begin XCBuildConfiguration section */
		5094E24D225D8E91002718DD /* Debug */ = {
			isa = XCBuildConfiguration;
			buildSettings = {
				ALWAYS_SEARCH_USER_PATHS = NO;
				CLANG_ANALYZER_NONNULL = YES;
				CLANG_ANALYZER_NUMBER_OBJECT_CONVERSION = YES_AGGRESSIVE;
				CLANG_CXX_LANGUAGE_STANDARD = "gnu++14";
				CLANG_CXX_LIBRARY = "libc++";
				CLANG_ENABLE_MODULES = YES;
				CLANG_ENABLE_OBJC_ARC = YES;
				CLANG_ENABLE_OBJC_WEAK = YES;
				CLANG_WARN_BLOCK_CAPTURE_AUTORELEASING = YES;
				CLANG_WARN_BOOL_CONVERSION = YES;
				CLANG_WARN_COMMA = YES;
				CLANG_WARN_CONSTANT_CONVERSION = YES;
				CLANG_WARN_DEPRECATED_OBJC_IMPLEMENTATIONS = YES;
				CLANG_WARN_DIRECT_OBJC_ISA_USAGE = YES_ERROR;
				CLANG_WARN_DOCUMENTATION_COMMENTS = YES;
				CLANG_WARN_EMPTY_BODY = YES;
				CLANG_WARN_ENUM_CONVERSION = YES;
				CLANG_WARN_INFINITE_RECURSION = YES;
				CLANG_WARN_INT_CONVERSION = YES;
				CLANG_WARN_NON_LITERAL_NULL_CONVERSION = YES;
				CLANG_WARN_OBJC_IMPLICIT_RETAIN_SELF = YES;
				CLANG_WARN_OBJC_LITERAL_CONVERSION = YES;
				CLANG_WARN_OBJC_ROOT_CLASS = YES_ERROR;
				CLANG_WARN_RANGE_LOOP_ANALYSIS = YES;
				CLANG_WARN_STRICT_PROTOTYPES = YES;
				CLANG_WARN_SUSPICIOUS_MOVE = YES;
				CLANG_WARN_UNGUARDED_AVAILABILITY = YES_AGGRESSIVE;
				CLANG_WARN_UNREACHABLE_CODE = YES;
				CLANG_WARN__DUPLICATE_METHOD_MATCH = YES;
				CODE_SIGN_IDENTITY = "iPhone Developer";
				COPY_PHASE_STRIP = NO;
				DEBUG_INFORMATION_FORMAT = dwarf;
				ENABLE_STRICT_OBJC_MSGSEND = YES;
				ENABLE_TESTABILITY = YES;
				GCC_C_LANGUAGE_STANDARD = gnu11;
				GCC_DYNAMIC_NO_PIC = NO;
				GCC_NO_COMMON_BLOCKS = YES;
				GCC_OPTIMIZATION_LEVEL = 0;
				GCC_PREPROCESSOR_DEFINITIONS = (
					"DEBUG=1",
					"$(inherited)",
				);
				GCC_WARN_64_TO_32_BIT_CONVERSION = YES;
				GCC_WARN_ABOUT_RETURN_TYPE = YES_ERROR;
				GCC_WARN_UNDECLARED_SELECTOR = YES;
				GCC_WARN_UNINITIALIZED_AUTOS = YES_AGGRESSIVE;
				GCC_WARN_UNUSED_FUNCTION = YES;
				GCC_WARN_UNUSED_VARIABLE = YES;
				IPHONEOS_DEPLOYMENT_TARGET = 12.1;
				MTL_ENABLE_DEBUG_INFO = INCLUDE_SOURCE;
				MTL_FAST_MATH = YES;
				ONLY_ACTIVE_ARCH = YES;
				SDKROOT = iphoneos;
			};
			name = Debug;
		};
		5094E24E225D8E91002718DD /* Release */ = {
			isa = XCBuildConfiguration;
			buildSettings = {
				ALWAYS_SEARCH_USER_PATHS = NO;
				CLANG_ANALYZER_NONNULL = YES;
				CLANG_ANALYZER_NUMBER_OBJECT_CONVERSION = YES_AGGRESSIVE;
				CLANG_CXX_LANGUAGE_STANDARD = "gnu++14";
				CLANG_CXX_LIBRARY = "libc++";
				CLANG_ENABLE_MODULES = YES;
				CLANG_ENABLE_OBJC_ARC = YES;
				CLANG_ENABLE_OBJC_WEAK = YES;
				CLANG_WARN_BLOCK_CAPTURE_AUTORELEASING = YES;
				CLANG_WARN_BOOL_CONVERSION = YES;
				CLANG_WARN_COMMA = YES;
				CLANG_WARN_CONSTANT_CONVERSION = YES;
				CLANG_WARN_DEPRECATED_OBJC_IMPLEMENTATIONS = YES;
				CLANG_WARN_DIRECT_OBJC_ISA_USAGE = YES_ERROR;
				CLANG_WARN_DOCUMENTATION_COMMENTS = YES;
				CLANG_WARN_EMPTY_BODY = YES;
				CLANG_WARN_ENUM_CONVERSION = YES;
				CLANG_WARN_INFINITE_RECURSION = YES;
				CLANG_WARN_INT_CONVERSION = YES;
				CLANG_WARN_NON_LITERAL_NULL_CONVERSION = YES;
				CLANG_WARN_OBJC_IMPLICIT_RETAIN_SELF = YES;
				CLANG_WARN_OBJC_LITERAL_CONVERSION = YES;
				CLANG_WARN_OBJC_ROOT_CLASS = YES_ERROR;
				CLANG_WARN_RANGE_LOOP_ANALYSIS = YES;
				CLANG_WARN_STRICT_PROTOTYPES = YES;
				CLANG_WARN_SUSPICIOUS_MOVE = YES;
				CLANG_WARN_UNGUARDED_AVAILABILITY = YES_AGGRESSIVE;
				CLANG_WARN_UNREACHABLE_CODE = YES;
				CLANG_WARN__DUPLICATE_METHOD_MATCH = YES;
				CODE_SIGN_IDENTITY = "iPhone Developer";
				COPY_PHASE_STRIP = NO;
				DEBUG_INFORMATION_FORMAT = "dwarf-with-dsym";
				ENABLE_NS_ASSERTIONS = NO;
				ENABLE_STRICT_OBJC_MSGSEND = YES;
				GCC_C_LANGUAGE_STANDARD = gnu11;
				GCC_NO_COMMON_BLOCKS = YES;
				GCC_WARN_64_TO_32_BIT_CONVERSION = YES;
				GCC_WARN_ABOUT_RETURN_TYPE = YES_ERROR;
				GCC_WARN_UNDECLARED_SELECTOR = YES;
				GCC_WARN_UNINITIALIZED_AUTOS = YES_AGGRESSIVE;
				GCC_WARN_UNUSED_FUNCTION = YES;
				GCC_WARN_UNUSED_VARIABLE = YES;
				IPHONEOS_DEPLOYMENT_TARGET = 12.1;
				MTL_ENABLE_DEBUG_INFO = NO;
				MTL_FAST_MATH = YES;
				SDKROOT = iphoneos;
				VALIDATE_PRODUCT = YES;
			};
			name = Release;
		};
		5094E250225D8E91002718DD /* Debug */ = {
			isa = XCBuildConfiguration;
			buildSettings = {
				ASSETCATALOG_COMPILER_APPICON_NAME = AppIcon;
				CODE_SIGN_STYLE = Automatic;
				INFOPLIST_FILE = HDThemeExample/Info.plist;
				LD_RUNPATH_SEARCH_PATHS = (
					"$(inherited)",
					"@executable_path/Frameworks",
				);
				PRODUCT_BUNDLE_IDENTIFIER = com.don.HDThemeExample;
				PRODUCT_NAME = "$(TARGET_NAME)";
				TARGETED_DEVICE_FAMILY = "1,2";
			};
			name = Debug;
		};
		5094E251225D8E91002718DD /* Release */ = {
			isa = XCBuildConfiguration;
			buildSettings = {
				ASSETCATALOG_COMPILER_APPICON_NAME = AppIcon;
				CODE_SIGN_STYLE = Automatic;
				INFOPLIST_FILE = HDThemeExample/Info.plist;
				LD_RUNPATH_SEARCH_PATHS = (
					"$(inherited)",
					"@executable_path/Frameworks",
				);
				PRODUCT_BUNDLE_IDENTIFIER = com.don.HDThemeExample;
				PRODUCT_NAME = "$(TARGET_NAME)";
				TARGETED_DEVICE_FAMILY = "1,2";
			};
			name = Release;
		};
		5094E253225D8E91002718DD /* Debug */ = {
			isa = XCBuildConfiguration;
			buildSettings = {
				BUNDLE_LOADER = "$(TEST_HOST)";
				CODE_SIGN_STYLE = Automatic;
				INFOPLIST_FILE = HDThemeExampleTests/Info.plist;
				LD_RUNPATH_SEARCH_PATHS = (
					"$(inherited)",
					"@executable_path/Frameworks",
					"@loader_path/Frameworks",
				);
				PRODUCT_BUNDLE_IDENTIFIER = com.don.HDThemeExampleTests;
				PRODUCT_NAME = "$(TARGET_NAME)";
				TARGETED_DEVICE_FAMILY = "1,2";
				TEST_HOST = "$(BUILT_PRODUCTS_DIR)/HDThemeExample.app/HDThemeExample";
			};
			name = Debug;
		};
		5094E254225D8E91002718DD /* Release */ = {
			isa = XCBuildConfiguration;
			buildSettings = {
				BUNDLE_LOADER = "$(TEST_HOST)";
				CODE_SIGN_STYLE = Automatic;
				INFOPLIST_FILE = HDThemeExampleTests/Info.plist;
				LD_RUNPATH_SEARCH_PATHS = (
					"$(inherited)",
					"@executable_path/Frameworks",
					"@loader_path/Frameworks",
				);
				PRODUCT_BUNDLE_IDENTIFIER = com.don.HDThemeExampleTests;
				PRODUCT_NAME = "$(TARGET_NAME)";
				TARGETED_DEVICE_FAMILY = "1,2";
				TEST_HOST = "$(BUILT_PRODUCTS_DIR)/HDThemeExample.app/HDThemeExample";
			};
			name = Release;
		};
		5094E256225D8E91002718DD /* Debug */ = {
			isa = XCBuildConfiguration;
			buildSettings = {
				CODE_SIGN_STYLE = Automatic;
				INFOPLIST_FILE = HDThemeExampleUITests/Info.plist;
				LD_RUNPATH_SEARCH_PATHS = (
					"$(inherited)",
					"@executable_path/Frameworks",
					"@loader_path/Frameworks",
				);
				PRODUCT_BUNDLE_IDENTIFIER = com.don.HDThemeExampleUITests;
				PRODUCT_NAME = "$(TARGET_NAME)";
				TARGETED_DEVICE_FAMILY = "1,2";
				TEST_TARGET_NAME = HDThemeExample;
			};
			name = Debug;
		};
		5094E257225D8E91002718DD /* Release */ = {
			isa = XCBuildConfiguration;
			buildSettings = {
				CODE_SIGN_STYLE = Automatic;
				INFOPLIST_FILE = HDThemeExampleUITests/Info.plist;
				LD_RUNPATH_SEARCH_PATHS = (
					"$(inherited)",
					"@executable_path/Frameworks",
					"@loader_path/Frameworks",
				);
				PRODUCT_BUNDLE_IDENTIFIER = com.don.HDThemeExampleUITests;
				PRODUCT_NAME = "$(TARGET_NAME)";
				TARGETED_DEVICE_FAMILY = "1,2";
				TEST_TARGET_NAME = HDThemeExample;
			};
			name = Release;
		};
/* End XCBuildConfiguration section */

/* Begin XCConfigurationList section */
		5094E21E225D8E91002718DD /* Build configuration list for PBXProject "HDThemeExample" */ = {
			isa = XCConfigurationList;
			buildConfigurations = (
				5094E24D225D8E91002718DD /* Debug */,
				5094E24E225D8E91002718DD /* Release */,
			);
			defaultConfigurationIsVisible = 0;
			defaultConfigurationName = Release;
		};
		5094E24F225D8E91002718DD /* Build configuration list for PBXNativeTarget "HDThemeExample" */ = {
			isa = XCConfigurationList;
			buildConfigurations = (
				5094E250225D8E91002718DD /* Debug */,
				5094E251225D8E91002718DD /* Release */,
			);
			defaultConfigurationIsVisible = 0;
			defaultConfigurationName = Release;
		};
		5094E252225D8E91002718DD /* Build configuration list for PBXNativeTarget "HDThemeExampleTests" */ = {
			isa = XCConfigurationList;
			buildConfigurations = (
				5094E253225D8E91002718DD /* Debug */,
				5094E254225D8E91002718DD /* Release */,
			);
			defaultConfigurationIsVisible = 0;
			defaultConfigurationName = Release;
		};
		5094E255225D8E91002718DD /* Build configuration list for PBXNativeTarget "HDThemeExampleUITests" */ = {
			isa = XCConfigurationList;
			buildConfigurations = (
				5094E256225D8E91002718DD /* Debug */,
				5094E257225D8E91002718DD /* Release */,
			);
			defaultConfigurationIsVisible = 0;
			defaultConfigurationName = Release;
		};
/* End XCConfigurationList section */
	};
	rootObject = 5094E21B225D8E91002718DD /* Project object */;
}
